
Microsoft Visual Studio Solution File, Format Version 12.00
# Visual Studio Version 16
VisualStudioVersion = 16.0.30320.27
MinimumVisualStudioVersion = 10.0.40219.1
Project("{FAE04EC0-301F-11D3-BF4B-00C04F79EFBC}") = "circular linked list", "circular linked list\circular linked list.csproj", "{CEAB9760-B684-4D15-81F6-8C73CEFE02F1}"
EndProject
Global
	GlobalSection(SolutionConfigurationPlatforms) = preSolution
		Debug|Any CPU = Debug|Any CPU
		Release|Any CPU = Release|Any CPU
	EndGlobalSection
	GlobalSection(ProjectConfigurationPlatforms) = postSolution
		{CEAB9760-B684-4D15-81F6-8C73CEFE02F1}.Debug|Any CPU.ActiveCfg = Debug|Any CPU
		{CEAB9760-B684-4D15-81F6-8C73CEFE02F1}.Debug|Any CPU.Build.0 = Debug|Any CPU
		{CEAB9760-B684-4D15-81F6-8C73CEFE02F1}.Release|Any CPU.ActiveCfg = Release|Any CPU
		{CEAB9760-B684-4D15-81F6-8C73CEFE02F1}.Release|Any CPU.Build.0 = Release|Any CPU
	EndGlobalSection
	GlobalSection(SolutionProperties) = preSolution
		HideSolutionNode = FALSE
	EndGlobalSection
	GlobalSection(ExtensibilityGlobals) = postSolution
		SolutionGuid = {3B345C24-E8EE-426E-AD19-114574C998EC}
	EndGlobalSection
EndGlobal
